// !$*UTF8*$!
{
	archiveVersion = 1;
	classes = {
	};
	objectVersion = 56;
	objects = {

/* Begin PBXBuildFile section */
		D64D3D232B2C9F6C00EBEDCB /* UIColorAdapter.swift in Sources */ = {isa = PBXBuildFile; fileRef = D64D3D222B2C9F6C00EBEDCB /* UIColorAdapter.swift */; };
		D64D3D262B2C9FEC00EBEDCB /* MarqueeText in Frameworks */ = {isa = PBXBuildFile; productRef = D64D3D252B2C9FEC00EBEDCB /* MarqueeText */; };
		D65C3A2D2B2D2C96007B3C76 /* Collection+SafeIndex.swift in Sources */ = {isa = PBXBuildFile; fileRef = D65C3A2C2B2D2C96007B3C76 /* Collection+SafeIndex.swift */; };
		D66BC66A2B2B7A54003D8A8E /* String+LocalizedError.swift in Sources */ = {isa = PBXBuildFile; fileRef = D66BC6672B2B7A53003D8A8E /* String+LocalizedError.swift */; };
		D66BC66B2B2B7A54003D8A8E /* Alert++.swift in Sources */ = {isa = PBXBuildFile; fileRef = D66BC6682B2B7A53003D8A8E /* Alert++.swift */; };
		D66BC66C2B2B7A54003D8A8E /* Haptic++.swift in Sources */ = {isa = PBXBuildFile; fileRef = D66BC6692B2B7A53003D8A8E /* Haptic++.swift */; };
		D66BC66F2B2B85EF003D8A8E /* proc.swift in Sources */ = {isa = PBXBuildFile; fileRef = D66BC66E2B2B85EF003D8A8E /* proc.swift */; };
		D66BC6C22B2B8AC0003D8A8E /* TSUtil.m in Sources */ = {isa = PBXBuildFile; fileRef = D66BC6BC2B2B8AC0003D8A8E /* TSUtil.m */; };
		D66BC6C62B2BBC9D003D8A8E /* Utils.swift in Sources */ = {isa = PBXBuildFile; fileRef = D66BC6C52B2BBC9D003D8A8E /* Utils.swift */; };
		D66BC6D02B2C8E22003D8A8E /* CoreServices.framework in Frameworks */ = {isa = PBXBuildFile; fileRef = D66BC6CF2B2C8E22003D8A8E /* CoreServices.framework */; };
		D66BC6D62B2C9218003D8A8E /* LSApplicationProxy+AltList.m in Sources */ = {isa = PBXBuildFile; fileRef = D66BC6D52B2C9218003D8A8E /* LSApplicationProxy+AltList.m */; };
		D67D2A142B2B3FB400EA8D6E /* SwiftTopApp.swift in Sources */ = {isa = PBXBuildFile; fileRef = D67D2A132B2B3FB400EA8D6E /* SwiftTopApp.swift */; };
		D67D2A162B2B3FB400EA8D6E /* MainView.swift in Sources */ = {isa = PBXBuildFile; fileRef = D67D2A152B2B3FB400EA8D6E /* MainView.swift */; };
		D67D2A182B2B3FB900EA8D6E /* Assets.xcassets in Resources */ = {isa = PBXBuildFile; fileRef = D67D2A172B2B3FB900EA8D6E /* Assets.xcassets */; };
		D67D2A1B2B2B3FB900EA8D6E /* Preview Assets.xcassets in Resources */ = {isa = PBXBuildFile; fileRef = D67D2A1A2B2B3FB900EA8D6E /* Preview Assets.xcassets */; };
		D67D2A252B2B3FB900EA8D6E /* SwiftTopTests.swift in Sources */ = {isa = PBXBuildFile; fileRef = D67D2A242B2B3FB900EA8D6E /* SwiftTopTests.swift */; };
		D67D2A2F2B2B3FBA00EA8D6E /* SwiftTopUITests.swift in Sources */ = {isa = PBXBuildFile; fileRef = D67D2A2E2B2B3FBA00EA8D6E /* SwiftTopUITests.swift */; };
		D67D2A312B2B3FBA00EA8D6E /* SwiftTopUITestsLaunchTests.swift in Sources */ = {isa = PBXBuildFile; fileRef = D67D2A302B2B3FBA00EA8D6E /* SwiftTopUITestsLaunchTests.swift */; };
		D67D2A3F2B2B408100EA8D6E /* proc.m in Sources */ = {isa = PBXBuildFile; fileRef = D67D2A3E2B2B408100EA8D6E /* proc.m */; };
		D67D2A432B2B44C700EA8D6E /* ProcessView.swift in Sources */ = {isa = PBXBuildFile; fileRef = D67D2A422B2B44C700EA8D6E /* ProcessView.swift */; };
		D67D2A4D2B2B528D00EA8D6E /* AboutView.swift in Sources */ = {isa = PBXBuildFile; fileRef = D67D2A4C2B2B528D00EA8D6E /* AboutView.swift */; };
		D67D2A502B2B53A300EA8D6E /* CachedAsyncImage in Frameworks */ = {isa = PBXBuildFile; productRef = D67D2A4F2B2B53A300EA8D6E /* CachedAsyncImage */; };
		D67D2A542B2B678500EA8D6E /* Foundation.framework in Frameworks */ = {isa = PBXBuildFile; fileRef = D67D2A532B2B678400EA8D6E /* Foundation.framework */; };
		D67D2A562B2B678E00EA8D6E /* libswiftFoundation.tbd in Frameworks */ = {isa = PBXBuildFile; fileRef = D67D2A552B2B678900EA8D6E /* libswiftFoundation.tbd */; };
		D67D2A582B2B679300EA8D6E /* CoreFoundation.framework in Frameworks */ = {isa = PBXBuildFile; fileRef = D67D2A572B2B679300EA8D6E /* CoreFoundation.framework */; };
		D67D2A5A2B2B67A300EA8D6E /* libswiftCoreFoundation.tbd in Frameworks */ = {isa = PBXBuildFile; fileRef = D67D2A592B2B679C00EA8D6E /* libswiftCoreFoundation.tbd */; };
/* End PBXBuildFile section */

/* Begin PBXContainerItemProxy section */
		D67D2A212B2B3FB900EA8D6E /* PBXContainerItemProxy */ = {
			isa = PBXContainerItemProxy;
			containerPortal = D67D2A082B2B3FB400EA8D6E /* Project object */;
			proxyType = 1;
			remoteGlobalIDString = D67D2A0F2B2B3FB400EA8D6E;
			remoteInfo = SwiftTop;
		};
		D67D2A2B2B2B3FB900EA8D6E /* PBXContainerItemProxy */ = {
			isa = PBXContainerItemProxy;
			containerPortal = D67D2A082B2B3FB400EA8D6E /* Project object */;
			proxyType = 1;
			remoteGlobalIDString = D67D2A0F2B2B3FB400EA8D6E;
			remoteInfo = SwiftTop;
		};
/* End PBXContainerItemProxy section */

/* Begin PBXFileReference section */
		D60E2EA72B2F3D0E007891F4 /* mach.h */ = {isa = PBXFileReference; lastKnownFileType = sourcecode.c.h; path = mach.h; sourceTree = "<group>"; };
		D64D3D222B2C9F6C00EBEDCB /* UIColorAdapter.swift */ = {isa = PBXFileReference; lastKnownFileType = sourcecode.swift; path = UIColorAdapter.swift; sourceTree = "<group>"; };
		D65C3A2C2B2D2C96007B3C76 /* Collection+SafeIndex.swift */ = {isa = PBXFileReference; fileEncoding = 4; lastKnownFileType = sourcecode.swift; path = "Collection+SafeIndex.swift"; sourceTree = "<group>"; };
		D65C3A4A2B2E39BA007B3C76 /* bootstrap.h */ = {isa = PBXFileReference; fileEncoding = 4; lastKnownFileType = sourcecode.c.h; path = bootstrap.h; sourceTree = "<group>"; };
		D65C3A512B2E5957007B3C76 /* dyld64.h */ = {isa = PBXFileReference; fileEncoding = 4; lastKnownFileType = sourcecode.c.h; path = dyld64.h; sourceTree = "<group>"; };
		D65C3A522B2E596C007B3C76 /* proc_info.h */ = {isa = PBXFileReference; fileEncoding = 4; lastKnownFileType = sourcecode.c.h; path = proc_info.h; sourceTree = "<group>"; };
		D65C3A532B2E596E007B3C76 /* libproc.h */ = {isa = PBXFileReference; fileEncoding = 4; lastKnownFileType = sourcecode.c.h; path = libproc.h; sourceTree = "<group>"; };
		D65C3A542B2E596F007B3C76 /* resource.h */ = {isa = PBXFileReference; fileEncoding = 4; lastKnownFileType = sourcecode.c.h; path = resource.h; sourceTree = "<group>"; };
		D65C3A552B2E5970007B3C76 /* kern_control.h */ = {isa = PBXFileReference; fileEncoding = 4; lastKnownFileType = sourcecode.c.h; path = kern_control.h; sourceTree = "<group>"; };
		D65C3A562B2E5971007B3C76 /* sys_domain.h */ = {isa = PBXFileReference; fileEncoding = 4; lastKnownFileType = sourcecode.c.h; path = sys_domain.h; sourceTree = "<group>"; };
		D66BC6672B2B7A53003D8A8E /* String+LocalizedError.swift */ = {isa = PBXFileReference; fileEncoding = 4; lastKnownFileType = sourcecode.swift; path = "String+LocalizedError.swift"; sourceTree = "<group>"; };
		D66BC6682B2B7A53003D8A8E /* Alert++.swift */ = {isa = PBXFileReference; fileEncoding = 4; lastKnownFileType = sourcecode.swift; path = "Alert++.swift"; sourceTree = "<group>"; };
		D66BC6692B2B7A53003D8A8E /* Haptic++.swift */ = {isa = PBXFileReference; fileEncoding = 4; lastKnownFileType = sourcecode.swift; path = "Haptic++.swift"; sourceTree = "<group>"; };
		D66BC66E2B2B85EF003D8A8E /* proc.swift */ = {isa = PBXFileReference; lastKnownFileType = sourcecode.swift; path = proc.swift; sourceTree = "<group>"; };
		D66BC6BC2B2B8AC0003D8A8E /* TSUtil.m */ = {isa = PBXFileReference; fileEncoding = 4; lastKnownFileType = sourcecode.c.objc; path = TSUtil.m; sourceTree = "<group>"; };
		D66BC6BF2B2B8AC0003D8A8E /* TSUtil.h */ = {isa = PBXFileReference; fileEncoding = 4; lastKnownFileType = sourcecode.c.h; path = TSUtil.h; sourceTree = "<group>"; };
		D66BC6C52B2BBC9D003D8A8E /* Utils.swift */ = {isa = PBXFileReference; lastKnownFileType = sourcecode.swift; path = Utils.swift; sourceTree = "<group>"; };
		D66BC6C82B2BD704003D8A8E /* RemoteLog.h */ = {isa = PBXFileReference; lastKnownFileType = sourcecode.c.h; path = RemoteLog.h; sourceTree = "<group>"; };
		D66BC6CF2B2C8E22003D8A8E /* CoreServices.framework */ = {isa = PBXFileReference; lastKnownFileType = wrapper.framework; name = CoreServices.framework; path = Platforms/MacOSX.platform/Developer/SDKs/MacOSX14.2.sdk/System/Library/Frameworks/CoreServices.framework; sourceTree = DEVELOPER_DIR; };
		D66BC6D12B2C8E26003D8A8E /* MobileCoreServices.framework */ = {isa = PBXFileReference; lastKnownFileType = wrapper.framework; name = MobileCoreServices.framework; path = Platforms/MacOSX.platform/Developer/SDKs/MacOSX14.2.sdk/System/iOSSupport/System/Library/Frameworks/MobileCoreServices.framework; sourceTree = DEVELOPER_DIR; };
		D66BC6D32B2C906F003D8A8E /* CoreServices.h */ = {isa = PBXFileReference; fileEncoding = 4; lastKnownFileType = sourcecode.c.h; path = CoreServices.h; sourceTree = "<group>"; };
		D66BC6D52B2C9218003D8A8E /* LSApplicationProxy+AltList.m */ = {isa = PBXFileReference; lastKnownFileType = sourcecode.c.objc; path = "LSApplicationProxy+AltList.m"; sourceTree = "<group>"; };
		D66BC6D72B2C924B003D8A8E /* LSApplicationProxy+AltList.h */ = {isa = PBXFileReference; lastKnownFileType = sourcecode.c.h; path = "LSApplicationProxy+AltList.h"; sourceTree = "<group>"; };
		D67D2A102B2B3FB400EA8D6E /* SwiftTop.app */ = {isa = PBXFileReference; explicitFileType = wrapper.application; includeInIndex = 0; path = SwiftTop.app; sourceTree = BUILT_PRODUCTS_DIR; };
		D67D2A132B2B3FB400EA8D6E /* SwiftTopApp.swift */ = {isa = PBXFileReference; lastKnownFileType = sourcecode.swift; path = SwiftTopApp.swift; sourceTree = "<group>"; };
		D67D2A152B2B3FB400EA8D6E /* MainView.swift */ = {isa = PBXFileReference; lastKnownFileType = sourcecode.swift; path = MainView.swift; sourceTree = "<group>"; };
		D67D2A172B2B3FB900EA8D6E /* Assets.xcassets */ = {isa = PBXFileReference; lastKnownFileType = folder.assetcatalog; path = Assets.xcassets; sourceTree = "<group>"; };
		D67D2A1A2B2B3FB900EA8D6E /* Preview Assets.xcassets */ = {isa = PBXFileReference; lastKnownFileType = folder.assetcatalog; path = "Preview Assets.xcassets"; sourceTree = "<group>"; };
		D67D2A202B2B3FB900EA8D6E /* SwiftTopTests.xctest */ = {isa = PBXFileReference; explicitFileType = wrapper.cfbundle; includeInIndex = 0; path = SwiftTopTests.xctest; sourceTree = BUILT_PRODUCTS_DIR; };
		D67D2A242B2B3FB900EA8D6E /* SwiftTopTests.swift */ = {isa = PBXFileReference; lastKnownFileType = sourcecode.swift; path = SwiftTopTests.swift; sourceTree = "<group>"; };
		D67D2A2A2B2B3FB900EA8D6E /* SwiftTopUITests.xctest */ = {isa = PBXFileReference; explicitFileType = wrapper.cfbundle; includeInIndex = 0; path = SwiftTopUITests.xctest; sourceTree = BUILT_PRODUCTS_DIR; };
		D67D2A2E2B2B3FBA00EA8D6E /* SwiftTopUITests.swift */ = {isa = PBXFileReference; lastKnownFileType = sourcecode.swift; path = SwiftTopUITests.swift; sourceTree = "<group>"; };
		D67D2A302B2B3FBA00EA8D6E /* SwiftTopUITestsLaunchTests.swift */ = {isa = PBXFileReference; lastKnownFileType = sourcecode.swift; path = SwiftTopUITestsLaunchTests.swift; sourceTree = "<group>"; };
		D67D2A3D2B2B408000EA8D6E /* SwiftTop-Bridging-Header.h */ = {isa = PBXFileReference; lastKnownFileType = sourcecode.c.h; path = "SwiftTop-Bridging-Header.h"; sourceTree = "<group>"; };
		D67D2A3E2B2B408100EA8D6E /* proc.m */ = {isa = PBXFileReference; lastKnownFileType = sourcecode.c.objc; path = proc.m; sourceTree = "<group>"; };
		D67D2A402B2B41B700EA8D6E /* proc.h */ = {isa = PBXFileReference; lastKnownFileType = sourcecode.c.h; path = proc.h; sourceTree = "<group>"; };
		D67D2A412B2B420E00EA8D6E /* SwiftTop.entitlements */ = {isa = PBXFileReference; lastKnownFileType = text.plist.entitlements; path = SwiftTop.entitlements; sourceTree = "<group>"; };
		D67D2A422B2B44C700EA8D6E /* ProcessView.swift */ = {isa = PBXFileReference; lastKnownFileType = sourcecode.swift; path = ProcessView.swift; sourceTree = "<group>"; };
		D67D2A4C2B2B528D00EA8D6E /* AboutView.swift */ = {isa = PBXFileReference; lastKnownFileType = sourcecode.swift; path = AboutView.swift; sourceTree = "<group>"; };
		D67D2A532B2B678400EA8D6E /* Foundation.framework */ = {isa = PBXFileReference; lastKnownFileType = wrapper.framework; name = Foundation.framework; path = Platforms/MacOSX.platform/Developer/SDKs/MacOSX14.0.sdk/System/Library/Frameworks/Foundation.framework; sourceTree = DEVELOPER_DIR; };
		D67D2A552B2B678900EA8D6E /* libswiftFoundation.tbd */ = {isa = PBXFileReference; lastKnownFileType = "sourcecode.text-based-dylib-definition"; name = libswiftFoundation.tbd; path = Platforms/MacOSX.platform/Developer/SDKs/MacOSX14.0.sdk/usr/lib/swift/libswiftFoundation.tbd; sourceTree = DEVELOPER_DIR; };
		D67D2A572B2B679300EA8D6E /* CoreFoundation.framework */ = {isa = PBXFileReference; lastKnownFileType = wrapper.framework; name = CoreFoundation.framework; path = Platforms/MacOSX.platform/Developer/SDKs/MacOSX14.0.sdk/System/Library/Frameworks/CoreFoundation.framework; sourceTree = DEVELOPER_DIR; };
		D67D2A592B2B679C00EA8D6E /* libswiftCoreFoundation.tbd */ = {isa = PBXFileReference; lastKnownFileType = "sourcecode.text-based-dylib-definition"; name = libswiftCoreFoundation.tbd; path = Platforms/MacOSX.platform/Developer/SDKs/MacOSX14.0.sdk/usr/lib/swift/libswiftCoreFoundation.tbd; sourceTree = DEVELOPER_DIR; };
/* End PBXFileReference section */

/* Begin PBXFrameworksBuildPhase section */
		D67D2A0D2B2B3FB400EA8D6E /* Frameworks */ = {
			isa = PBXFrameworksBuildPhase;
			buildActionMask = 2147483647;
			files = (
				D64D3D262B2C9FEC00EBEDCB /* MarqueeText in Frameworks */,
				D67D2A582B2B679300EA8D6E /* CoreFoundation.framework in Frameworks */,
				D67D2A5A2B2B67A300EA8D6E /* libswiftCoreFoundation.tbd in Frameworks */,
				D67D2A502B2B53A300EA8D6E /* CachedAsyncImage in Frameworks */,
				D67D2A542B2B678500EA8D6E /* Foundation.framework in Frameworks */,
				D66BC6D02B2C8E22003D8A8E /* CoreServices.framework in Frameworks */,
				D67D2A562B2B678E00EA8D6E /* libswiftFoundation.tbd in Frameworks */,
			);
			runOnlyForDeploymentPostprocessing = 0;
		};
		D67D2A1D2B2B3FB900EA8D6E /* Frameworks */ = {
			isa = PBXFrameworksBuildPhase;
			buildActionMask = 2147483647;
			files = (
			);
			runOnlyForDeploymentPostprocessing = 0;
		};
		D67D2A272B2B3FB900EA8D6E /* Frameworks */ = {
			isa = PBXFrameworksBuildPhase;
			buildActionMask = 2147483647;
			files = (
			);
			runOnlyForDeploymentPostprocessing = 0;
		};
/* End PBXFrameworksBuildPhase section */

/* Begin PBXGroup section */
		D65C3A2E2B2E1B00007B3C76 /* Helpers */ = {
			isa = PBXGroup;
			children = (
			);
			path = Helpers;
			sourceTree = "<group>";
		};
		D65C3A4C2B2E58C8007B3C76 /* ObjC */ = {
			isa = PBXGroup;
			children = (
				D66BC6BC2B2B8AC0003D8A8E /* TSUtil.m */,
				D66BC6BF2B2B8AC0003D8A8E /* TSUtil.h */,
			);
			path = ObjC;
			sourceTree = "<group>";
		};
		D65C3A502B2E5942007B3C76 /* sys */ = {
			isa = PBXGroup;
			children = (
				D65C3A512B2E5957007B3C76 /* dyld64.h */,
				D65C3A552B2E5970007B3C76 /* kern_control.h */,
				D65C3A532B2E596E007B3C76 /* libproc.h */,
				D65C3A522B2E596C007B3C76 /* proc_info.h */,
				D65C3A542B2E596F007B3C76 /* resource.h */,
				D65C3A562B2E5971007B3C76 /* sys_domain.h */,
			);
			path = sys;
			sourceTree = "<group>";
		};
		D66BC6D42B2C91FF003D8A8E /* Private APIs */ = {
			isa = PBXGroup;
			children = (
				D65C3A502B2E5942007B3C76 /* sys */,
				D66BC6D32B2C906F003D8A8E /* CoreServices.h */,
				D60E2EA72B2F3D0E007891F4 /* mach.h */,
				D65C3A4A2B2E39BA007B3C76 /* bootstrap.h */,
				D66BC6D52B2C9218003D8A8E /* LSApplicationProxy+AltList.m */,
				D66BC6D72B2C924B003D8A8E /* LSApplicationProxy+AltList.h */,
			);
			path = "Private APIs";
			sourceTree = "<group>";
		};
		D66BC6E42B2C98DE003D8A8E /* Views */ = {
			isa = PBXGroup;
			children = (
				D67D2A152B2B3FB400EA8D6E /* MainView.swift */,
				D67D2A4C2B2B528D00EA8D6E /* AboutView.swift */,
				D67D2A422B2B44C700EA8D6E /* ProcessView.swift */,
			);
			path = Views;
			sourceTree = "<group>";
		};
		D67D2A072B2B3FB400EA8D6E = {
			isa = PBXGroup;
			children = (
				D67D2A122B2B3FB400EA8D6E /* SwiftTop */,
				D67D2A232B2B3FB900EA8D6E /* SwiftTopTests */,
				D67D2A2D2B2B3FBA00EA8D6E /* SwiftTopUITests */,
				D67D2A112B2B3FB400EA8D6E /* Products */,
				D67D2A522B2B678400EA8D6E /* Frameworks */,
			);
			sourceTree = "<group>";
		};
		D67D2A112B2B3FB400EA8D6E /* Products */ = {
			isa = PBXGroup;
			children = (
				D67D2A102B2B3FB400EA8D6E /* SwiftTop.app */,
				D67D2A202B2B3FB900EA8D6E /* SwiftTopTests.xctest */,
				D67D2A2A2B2B3FB900EA8D6E /* SwiftTopUITests.xctest */,
			);
			name = Products;
			sourceTree = "<group>";
		};
		D67D2A122B2B3FB400EA8D6E /* SwiftTop */ = {
			isa = PBXGroup;
			children = (
				D67D2A132B2B3FB400EA8D6E /* SwiftTopApp.swift */,
				D65C3A4C2B2E58C8007B3C76 /* ObjC */,
				D65C3A2E2B2E1B00007B3C76 /* Helpers */,
				D66BC6E42B2C98DE003D8A8E /* Views */,
				D66BC6C82B2BD704003D8A8E /* RemoteLog.h */,
				D67D2A3D2B2B408000EA8D6E /* SwiftTop-Bridging-Header.h */,
				D66BC6D42B2C91FF003D8A8E /* Private APIs */,
				D67D2A452B2B4F5A00EA8D6E /* Extensions */,
				D66BC6C52B2BBC9D003D8A8E /* Utils.swift */,
				D67D2A412B2B420E00EA8D6E /* SwiftTop.entitlements */,
				D67D2A3E2B2B408100EA8D6E /* proc.m */,
				D66BC66E2B2B85EF003D8A8E /* proc.swift */,
				D67D2A402B2B41B700EA8D6E /* proc.h */,
				D67D2A172B2B3FB900EA8D6E /* Assets.xcassets */,
				D67D2A192B2B3FB900EA8D6E /* Preview Content */,
			);
			path = SwiftTop;
			sourceTree = "<group>";
		};
		D67D2A192B2B3FB900EA8D6E /* Preview Content */ = {
			isa = PBXGroup;
			children = (
				D67D2A1A2B2B3FB900EA8D6E /* Preview Assets.xcassets */,
			);
			path = "Preview Content";
			sourceTree = "<group>";
		};
		D67D2A232B2B3FB900EA8D6E /* SwiftTopTests */ = {
			isa = PBXGroup;
			children = (
				D67D2A242B2B3FB900EA8D6E /* SwiftTopTests.swift */,
			);
			path = SwiftTopTests;
			sourceTree = "<group>";
		};
		D67D2A2D2B2B3FBA00EA8D6E /* SwiftTopUITests */ = {
			isa = PBXGroup;
			children = (
				D67D2A2E2B2B3FBA00EA8D6E /* SwiftTopUITests.swift */,
				D67D2A302B2B3FBA00EA8D6E /* SwiftTopUITestsLaunchTests.swift */,
			);
			path = SwiftTopUITests;
			sourceTree = "<group>";
		};
		D67D2A452B2B4F5A00EA8D6E /* Extensions */ = {
			isa = PBXGroup;
			children = (
				D64D3D222B2C9F6C00EBEDCB /* UIColorAdapter.swift */,
				D66BC6682B2B7A53003D8A8E /* Alert++.swift */,
				D66BC6692B2B7A53003D8A8E /* Haptic++.swift */,
				D66BC6672B2B7A53003D8A8E /* String+LocalizedError.swift */,
				D65C3A2C2B2D2C96007B3C76 /* Collection+SafeIndex.swift */,
			);
			path = Extensions;
			sourceTree = "<group>";
		};
		D67D2A522B2B678400EA8D6E /* Frameworks */ = {
			isa = PBXGroup;
			children = (
				D66BC6D12B2C8E26003D8A8E /* MobileCoreServices.framework */,
				D66BC6CF2B2C8E22003D8A8E /* CoreServices.framework */,
				D67D2A592B2B679C00EA8D6E /* libswiftCoreFoundation.tbd */,
				D67D2A572B2B679300EA8D6E /* CoreFoundation.framework */,
				D67D2A552B2B678900EA8D6E /* libswiftFoundation.tbd */,
				D67D2A532B2B678400EA8D6E /* Foundation.framework */,
			);
			name = Frameworks;
			sourceTree = "<group>";
		};
/* End PBXGroup section */

/* Begin PBXNativeTarget section */
		D67D2A0F2B2B3FB400EA8D6E /* SwiftTop */ = {
			isa = PBXNativeTarget;
			buildConfigurationList = D67D2A342B2B3FBA00EA8D6E /* Build configuration list for PBXNativeTarget "SwiftTop" */;
			buildPhases = (
				D67D2A0C2B2B3FB400EA8D6E /* Sources */,
				D67D2A0D2B2B3FB400EA8D6E /* Frameworks */,
				D67D2A0E2B2B3FB400EA8D6E /* Resources */,
			);
			buildRules = (
			);
			dependencies = (
			);
			name = SwiftTop;
			packageProductDependencies = (
				D67D2A4F2B2B53A300EA8D6E /* CachedAsyncImage */,
				D64D3D252B2C9FEC00EBEDCB /* MarqueeText */,
			);
			productName = SwiftTop;
			productReference = D67D2A102B2B3FB400EA8D6E /* SwiftTop.app */;
			productType = "com.apple.product-type.application";
		};
		D67D2A1F2B2B3FB900EA8D6E /* SwiftTopTests */ = {
			isa = PBXNativeTarget;
			buildConfigurationList = D67D2A372B2B3FBA00EA8D6E /* Build configuration list for PBXNativeTarget "SwiftTopTests" */;
			buildPhases = (
				D67D2A1C2B2B3FB900EA8D6E /* Sources */,
				D67D2A1D2B2B3FB900EA8D6E /* Frameworks */,
				D67D2A1E2B2B3FB900EA8D6E /* Resources */,
			);
			buildRules = (
			);
			dependencies = (
				D67D2A222B2B3FB900EA8D6E /* PBXTargetDependency */,
			);
			name = SwiftTopTests;
			productName = SwiftTopTests;
			productReference = D67D2A202B2B3FB900EA8D6E /* SwiftTopTests.xctest */;
			productType = "com.apple.product-type.bundle.unit-test";
		};
		D67D2A292B2B3FB900EA8D6E /* SwiftTopUITests */ = {
			isa = PBXNativeTarget;
			buildConfigurationList = D67D2A3A2B2B3FBA00EA8D6E /* Build configuration list for PBXNativeTarget "SwiftTopUITests" */;
			buildPhases = (
				D67D2A262B2B3FB900EA8D6E /* Sources */,
				D67D2A272B2B3FB900EA8D6E /* Frameworks */,
				D67D2A282B2B3FB900EA8D6E /* Resources */,
			);
			buildRules = (
			);
			dependencies = (
				D67D2A2C2B2B3FB900EA8D6E /* PBXTargetDependency */,
			);
			name = SwiftTopUITests;
			productName = SwiftTopUITests;
			productReference = D67D2A2A2B2B3FB900EA8D6E /* SwiftTopUITests.xctest */;
			productType = "com.apple.product-type.bundle.ui-testing";
		};
/* End PBXNativeTarget section */

/* Begin PBXProject section */
		D67D2A082B2B3FB400EA8D6E /* Project object */ = {
			isa = PBXProject;
			attributes = {
				BuildIndependentTargetsInParallel = 1;
				LastSwiftUpdateCheck = 1500;
				LastUpgradeCheck = 1500;
				TargetAttributes = {
					D67D2A0F2B2B3FB400EA8D6E = {
						CreatedOnToolsVersion = 15.0.1;
						LastSwiftMigration = 1500;
					};
					D67D2A1F2B2B3FB900EA8D6E = {
						CreatedOnToolsVersion = 15.0.1;
						TestTargetID = D67D2A0F2B2B3FB400EA8D6E;
					};
					D67D2A292B2B3FB900EA8D6E = {
						CreatedOnToolsVersion = 15.0.1;
						TestTargetID = D67D2A0F2B2B3FB400EA8D6E;
					};
				};
			};
			buildConfigurationList = D67D2A0B2B2B3FB400EA8D6E /* Build configuration list for PBXProject "SwiftTop" */;
			compatibilityVersion = "Xcode 14.0";
			developmentRegion = en;
			hasScannedForEncodings = 0;
			knownRegions = (
				en,
				Base,
			);
			mainGroup = D67D2A072B2B3FB400EA8D6E;
			packageReferences = (
				D67D2A4E2B2B53A300EA8D6E /* XCRemoteSwiftPackageReference "swiftui-cached-async-image" */,
				D64D3D242B2C9FEC00EBEDCB /* XCRemoteSwiftPackageReference "MarqueeText" */,
			);
			productRefGroup = D67D2A112B2B3FB400EA8D6E /* Products */;
			projectDirPath = "";
			projectRoot = "";
			targets = (
				D67D2A0F2B2B3FB400EA8D6E /* SwiftTop */,
				D67D2A1F2B2B3FB900EA8D6E /* SwiftTopTests */,
				D67D2A292B2B3FB900EA8D6E /* SwiftTopUITests */,
			);
		};
/* End PBXProject section */

/* Begin PBXResourcesBuildPhase section */
		D67D2A0E2B2B3FB400EA8D6E /* Resources */ = {
			isa = PBXResourcesBuildPhase;
			buildActionMask = 2147483647;
			files = (
				D67D2A1B2B2B3FB900EA8D6E /* Preview Assets.xcassets in Resources */,
				D67D2A182B2B3FB900EA8D6E /* Assets.xcassets in Resources */,
			);
			runOnlyForDeploymentPostprocessing = 0;
		};
		D67D2A1E2B2B3FB900EA8D6E /* Resources */ = {
			isa = PBXResourcesBuildPhase;
			buildActionMask = 2147483647;
			files = (
			);
			runOnlyForDeploymentPostprocessing = 0;
		};
		D67D2A282B2B3FB900EA8D6E /* Resources */ = {
			isa = PBXResourcesBuildPhase;
			buildActionMask = 2147483647;
			files = (
			);
			runOnlyForDeploymentPostprocessing = 0;
		};
/* End PBXResourcesBuildPhase section */

/* Begin PBXSourcesBuildPhase section */
		D67D2A0C2B2B3FB400EA8D6E /* Sources */ = {
			isa = PBXSourcesBuildPhase;
			buildActionMask = 2147483647;
			files = (
				D66BC6C22B2B8AC0003D8A8E /* TSUtil.m in Sources */,
				D66BC66C2B2B7A54003D8A8E /* Haptic++.swift in Sources */,
				D67D2A4D2B2B528D00EA8D6E /* AboutView.swift in Sources */,
				D66BC66A2B2B7A54003D8A8E /* String+LocalizedError.swift in Sources */,
				D67D2A162B2B3FB400EA8D6E /* MainView.swift in Sources */,
				D67D2A3F2B2B408100EA8D6E /* proc.m in Sources */,
				D66BC6D62B2C9218003D8A8E /* LSApplicationProxy+AltList.m in Sources */,
				D66BC66F2B2B85EF003D8A8E /* proc.swift in Sources */,
				D66BC66B2B2B7A54003D8A8E /* Alert++.swift in Sources */,
				D65C3A2D2B2D2C96007B3C76 /* Collection+SafeIndex.swift in Sources */,
				D67D2A432B2B44C700EA8D6E /* ProcessView.swift in Sources */,
				D64D3D232B2C9F6C00EBEDCB /* UIColorAdapter.swift in Sources */,
				D67D2A142B2B3FB400EA8D6E /* SwiftTopApp.swift in Sources */,
				D66BC6C62B2BBC9D003D8A8E /* Utils.swift in Sources */,
			);
			runOnlyForDeploymentPostprocessing = 0;
		};
		D67D2A1C2B2B3FB900EA8D6E /* Sources */ = {
			isa = PBXSourcesBuildPhase;
			buildActionMask = 2147483647;
			files = (
				D67D2A252B2B3FB900EA8D6E /* SwiftTopTests.swift in Sources */,
			);
			runOnlyForDeploymentPostprocessing = 0;
		};
		D67D2A262B2B3FB900EA8D6E /* Sources */ = {
			isa = PBXSourcesBuildPhase;
			buildActionMask = 2147483647;
			files = (
				D67D2A312B2B3FBA00EA8D6E /* SwiftTopUITestsLaunchTests.swift in Sources */,
				D67D2A2F2B2B3FBA00EA8D6E /* SwiftTopUITests.swift in Sources */,
			);
			runOnlyForDeploymentPostprocessing = 0;
		};
/* End PBXSourcesBuildPhase section */

/* Begin PBXTargetDependency section */
		D67D2A222B2B3FB900EA8D6E /* PBXTargetDependency */ = {
			isa = PBXTargetDependency;
			target = D67D2A0F2B2B3FB400EA8D6E /* SwiftTop */;
			targetProxy = D67D2A212B2B3FB900EA8D6E /* PBXContainerItemProxy */;
		};
		D67D2A2C2B2B3FB900EA8D6E /* PBXTargetDependency */ = {
			isa = PBXTargetDependency;
			target = D67D2A0F2B2B3FB400EA8D6E /* SwiftTop */;
			targetProxy = D67D2A2B2B2B3FB900EA8D6E /* PBXContainerItemProxy */;
		};
/* End PBXTargetDependency section */

/* Begin XCBuildConfiguration section */
		D67D2A322B2B3FBA00EA8D6E /* Debug */ = {
			isa = XCBuildConfiguration;
			buildSettings = {
				ALWAYS_SEARCH_USER_PATHS = NO;
				ASSETCATALOG_COMPILER_GENERATE_SWIFT_ASSET_SYMBOL_EXTENSIONS = YES;
				CLANG_ANALYZER_NONNULL = YES;
				CLANG_ANALYZER_NUMBER_OBJECT_CONVERSION = YES_AGGRESSIVE;
				CLANG_CXX_LANGUAGE_STANDARD = "gnu++20";
				CLANG_ENABLE_MODULES = YES;
				CLANG_ENABLE_OBJC_ARC = YES;
				CLANG_ENABLE_OBJC_WEAK = YES;
				CLANG_WARN_BLOCK_CAPTURE_AUTORELEASING = YES;
				CLANG_WARN_BOOL_CONVERSION = YES;
				CLANG_WARN_COMMA = YES;
				CLANG_WARN_CONSTANT_CONVERSION = YES;
				CLANG_WARN_DEPRECATED_OBJC_IMPLEMENTATIONS = YES;
				CLANG_WARN_DIRECT_OBJC_ISA_USAGE = YES_ERROR;
				CLANG_WARN_DOCUMENTATION_COMMENTS = YES;
				CLANG_WARN_EMPTY_BODY = YES;
				CLANG_WARN_ENUM_CONVERSION = YES;
				CLANG_WARN_INFINITE_RECURSION = YES;
				CLANG_WARN_INT_CONVERSION = YES;
				CLANG_WARN_NON_LITERAL_NULL_CONVERSION = YES;
				CLANG_WARN_OBJC_IMPLICIT_RETAIN_SELF = YES;
				CLANG_WARN_OBJC_LITERAL_CONVERSION = YES;
				CLANG_WARN_OBJC_ROOT_CLASS = YES_ERROR;
				CLANG_WARN_QUOTED_INCLUDE_IN_FRAMEWORK_HEADER = YES;
				CLANG_WARN_RANGE_LOOP_ANALYSIS = YES;
				CLANG_WARN_STRICT_PROTOTYPES = YES;
				CLANG_WARN_SUSPICIOUS_MOVE = YES;
				CLANG_WARN_UNGUARDED_AVAILABILITY = YES_AGGRESSIVE;
				CLANG_WARN_UNREACHABLE_CODE = YES;
				CLANG_WARN__DUPLICATE_METHOD_MATCH = YES;
				COPY_PHASE_STRIP = NO;
				DEBUG_INFORMATION_FORMAT = dwarf;
				ENABLE_STRICT_OBJC_MSGSEND = YES;
				ENABLE_TESTABILITY = YES;
				ENABLE_USER_SCRIPT_SANDBOXING = YES;
				GCC_C_LANGUAGE_STANDARD = gnu17;
				GCC_DYNAMIC_NO_PIC = NO;
				GCC_NO_COMMON_BLOCKS = YES;
				GCC_OPTIMIZATION_LEVEL = 0;
				GCC_PREPROCESSOR_DEFINITIONS = (
					"DEBUG=1",
					"$(inherited)",
				);
				GCC_WARN_64_TO_32_BIT_CONVERSION = YES;
				GCC_WARN_ABOUT_RETURN_TYPE = YES_ERROR;
				GCC_WARN_UNDECLARED_SELECTOR = YES;
				GCC_WARN_UNINITIALIZED_AUTOS = YES_AGGRESSIVE;
				GCC_WARN_UNUSED_FUNCTION = YES;
				GCC_WARN_UNUSED_VARIABLE = YES;
				IPHONEOS_DEPLOYMENT_TARGET = 17.0;
				LOCALIZATION_PREFERS_STRING_CATALOGS = YES;
				MTL_ENABLE_DEBUG_INFO = INCLUDE_SOURCE;
				MTL_FAST_MATH = YES;
				ONLY_ACTIVE_ARCH = YES;
				SDKROOT = iphoneos;
				SWIFT_ACTIVE_COMPILATION_CONDITIONS = "DEBUG $(inherited)";
				SWIFT_OPTIMIZATION_LEVEL = "-Onone";
			};
			name = Debug;
		};
		D67D2A332B2B3FBA00EA8D6E /* Release */ = {
			isa = XCBuildConfiguration;
			buildSettings = {
				ALWAYS_SEARCH_USER_PATHS = NO;
				ASSETCATALOG_COMPILER_GENERATE_SWIFT_ASSET_SYMBOL_EXTENSIONS = YES;
				CLANG_ANALYZER_NONNULL = YES;
				CLANG_ANALYZER_NUMBER_OBJECT_CONVERSION = YES_AGGRESSIVE;
				CLANG_CXX_LANGUAGE_STANDARD = "gnu++20";
				CLANG_ENABLE_MODULES = YES;
				CLANG_ENABLE_OBJC_ARC = YES;
				CLANG_ENABLE_OBJC_WEAK = YES;
				CLANG_WARN_BLOCK_CAPTURE_AUTORELEASING = YES;
				CLANG_WARN_BOOL_CONVERSION = YES;
				CLANG_WARN_COMMA = YES;
				CLANG_WARN_CONSTANT_CONVERSION = YES;
				CLANG_WARN_DEPRECATED_OBJC_IMPLEMENTATIONS = YES;
				CLANG_WARN_DIRECT_OBJC_ISA_USAGE = YES_ERROR;
				CLANG_WARN_DOCUMENTATION_COMMENTS = YES;
				CLANG_WARN_EMPTY_BODY = YES;
				CLANG_WARN_ENUM_CONVERSION = YES;
				CLANG_WARN_INFINITE_RECURSION = YES;
				CLANG_WARN_INT_CONVERSION = YES;
				CLANG_WARN_NON_LITERAL_NULL_CONVERSION = YES;
				CLANG_WARN_OBJC_IMPLICIT_RETAIN_SELF = YES;
				CLANG_WARN_OBJC_LITERAL_CONVERSION = YES;
				CLANG_WARN_OBJC_ROOT_CLASS = YES_ERROR;
				CLANG_WARN_QUOTED_INCLUDE_IN_FRAMEWORK_HEADER = YES;
				CLANG_WARN_RANGE_LOOP_ANALYSIS = YES;
				CLANG_WARN_STRICT_PROTOTYPES = YES;
				CLANG_WARN_SUSPICIOUS_MOVE = YES;
				CLANG_WARN_UNGUARDED_AVAILABILITY = YES_AGGRESSIVE;
				CLANG_WARN_UNREACHABLE_CODE = YES;
				CLANG_WARN__DUPLICATE_METHOD_MATCH = YES;
				COPY_PHASE_STRIP = NO;
				DEBUG_INFORMATION_FORMAT = "dwarf-with-dsym";
				ENABLE_NS_ASSERTIONS = NO;
				ENABLE_STRICT_OBJC_MSGSEND = YES;
				ENABLE_USER_SCRIPT_SANDBOXING = YES;
				GCC_C_LANGUAGE_STANDARD = gnu17;
				GCC_NO_COMMON_BLOCKS = YES;
				GCC_WARN_64_TO_32_BIT_CONVERSION = YES;
				GCC_WARN_ABOUT_RETURN_TYPE = YES_ERROR;
				GCC_WARN_UNDECLARED_SELECTOR = YES;
				GCC_WARN_UNINITIALIZED_AUTOS = YES_AGGRESSIVE;
				GCC_WARN_UNUSED_FUNCTION = YES;
				GCC_WARN_UNUSED_VARIABLE = YES;
				IPHONEOS_DEPLOYMENT_TARGET = 17.0;
				LOCALIZATION_PREFERS_STRING_CATALOGS = YES;
				MTL_ENABLE_DEBUG_INFO = NO;
				MTL_FAST_MATH = YES;
				SDKROOT = iphoneos;
				SWIFT_COMPILATION_MODE = wholemodule;
				VALIDATE_PRODUCT = YES;
			};
			name = Release;
		};
		D67D2A352B2B3FBA00EA8D6E /* Debug */ = {
			isa = XCBuildConfiguration;
			buildSettings = {
				ASSETCATALOG_COMPILER_APPICON_NAME = AppIcon;
				ASSETCATALOG_COMPILER_GLOBAL_ACCENT_COLOR_NAME = AccentColor;
				CLANG_ENABLE_MODULES = YES;
				"CODE_SIGN_IDENTITY[sdk=macosx*]" = "-";
				CODE_SIGN_STYLE = Automatic;
				CURRENT_PROJECT_VERSION = 1;
				DEVELOPMENT_ASSET_PATHS = "\"SwiftTop/Preview Content\"";
				DEVELOPMENT_TEAM = "";
				ENABLE_HARDENED_RUNTIME = NO;
				ENABLE_PREVIEWS = YES;
				GENERATE_INFOPLIST_FILE = YES;
				INFOPLIST_KEY_CFBundleDisplayName = SwiftTop;
				INFOPLIST_KEY_LSApplicationCategoryType = "public.app-category.developer-tools";
				INFOPLIST_KEY_UIApplicationSceneManifest_Generation = YES;
				INFOPLIST_KEY_UIApplicationSupportsIndirectInputEvents = YES;
				INFOPLIST_KEY_UILaunchScreen_Generation = YES;
				INFOPLIST_KEY_UIStatusBarHidden = NO;
				INFOPLIST_KEY_UISupportedInterfaceOrientations_iPad = "UIInterfaceOrientationPortrait UIInterfaceOrientationPortraitUpsideDown UIInterfaceOrientationLandscapeLeft UIInterfaceOrientationLandscapeRight";
				INFOPLIST_KEY_UISupportedInterfaceOrientations_iPhone = "UIInterfaceOrientationPortrait UIInterfaceOrientationLandscapeLeft UIInterfaceOrientationLandscapeRight";
				IPHONEOS_DEPLOYMENT_TARGET = 15.0;
				LD_RUNPATH_SEARCH_PATHS = (
					"$(inherited)",
					"@executable_path/Frameworks",
				);
				MACOSX_DEPLOYMENT_TARGET = 12.0;
				MARKETING_VERSION = 0.2;
				PRODUCT_BUNDLE_IDENTIFIER = ca.bomberfish.SwiftTop;
				PRODUCT_NAME = "$(TARGET_NAME)";
				SUPPORTED_PLATFORMS = "iphoneos iphonesimulator macosx";
				SUPPORTS_MACCATALYST = YES;
				SUPPORTS_MAC_DESIGNED_FOR_IPHONE_IPAD = NO;
				SWIFT_EMIT_LOC_STRINGS = YES;
				SWIFT_OBJC_BRIDGING_HEADER = "SwiftTop/SwiftTop-Bridging-Header.h";
				SWIFT_OPTIMIZATION_LEVEL = "-Onone";
				SWIFT_VERSION = 5.0;
				TARGETED_DEVICE_FAMILY = "1,2,6";
			};
			name = Debug;
		};
		D67D2A362B2B3FBA00EA8D6E /* Release */ = {
			isa = XCBuildConfiguration;
			buildSettings = {
				ASSETCATALOG_COMPILER_APPICON_NAME = AppIcon;
				ASSETCATALOG_COMPILER_GLOBAL_ACCENT_COLOR_NAME = AccentColor;
				CLANG_ENABLE_MODULES = YES;
				"CODE_SIGN_IDENTITY[sdk=macosx*]" = "-";
				CODE_SIGN_STYLE = Automatic;
				CURRENT_PROJECT_VERSION = 1;
				DEVELOPMENT_ASSET_PATHS = "\"SwiftTop/Preview Content\"";
				DEVELOPMENT_TEAM = "";
				ENABLE_HARDENED_RUNTIME = NO;
				ENABLE_PREVIEWS = YES;
				GENERATE_INFOPLIST_FILE = YES;
				INFOPLIST_KEY_CFBundleDisplayName = SwiftTop;
				INFOPLIST_KEY_LSApplicationCategoryType = "public.app-category.developer-tools";
				INFOPLIST_KEY_UIApplicationSceneManifest_Generation = YES;
				INFOPLIST_KEY_UIApplicationSupportsIndirectInputEvents = YES;
				INFOPLIST_KEY_UILaunchScreen_Generation = YES;
				INFOPLIST_KEY_UIStatusBarHidden = NO;
				INFOPLIST_KEY_UISupportedInterfaceOrientations_iPad = "UIInterfaceOrientationPortrait UIInterfaceOrientationPortraitUpsideDown UIInterfaceOrientationLandscapeLeft UIInterfaceOrientationLandscapeRight";
				INFOPLIST_KEY_UISupportedInterfaceOrientations_iPhone = "UIInterfaceOrientationPortrait UIInterfaceOrientationLandscapeLeft UIInterfaceOrientationLandscapeRight";
				IPHONEOS_DEPLOYMENT_TARGET = 15.0;
				LD_RUNPATH_SEARCH_PATHS = (
					"$(inherited)",
					"@executable_path/Frameworks",
				);
				MACOSX_DEPLOYMENT_TARGET = 12.0;
				MARKETING_VERSION = 0.2;
				PRODUCT_BUNDLE_IDENTIFIER = ca.bomberfish.SwiftTop;
				PRODUCT_NAME = "$(TARGET_NAME)";
				SUPPORTED_PLATFORMS = "iphoneos iphonesimulator macosx";
				SUPPORTS_MACCATALYST = YES;
				SUPPORTS_MAC_DESIGNED_FOR_IPHONE_IPAD = NO;
				SWIFT_EMIT_LOC_STRINGS = YES;
				SWIFT_OBJC_BRIDGING_HEADER = "SwiftTop/SwiftTop-Bridging-Header.h";
				SWIFT_VERSION = 5.0;
				TARGETED_DEVICE_FAMILY = "1,2,6";
			};
			name = Release;
		};
		D67D2A382B2B3FBA00EA8D6E /* Debug */ = {
			isa = XCBuildConfiguration;
			buildSettings = {
				ALWAYS_EMBED_SWIFT_STANDARD_LIBRARIES = YES;
				BUNDLE_LOADER = "$(TEST_HOST)";
				CODE_SIGN_STYLE = Automatic;
				CURRENT_PROJECT_VERSION = 1;
				GENERATE_INFOPLIST_FILE = YES;
				IPHONEOS_DEPLOYMENT_TARGET = 17.0;
				MARKETING_VERSION = 1.0;
				PRODUCT_BUNDLE_IDENTIFIER = ca.bomberfish.SwiftTopTests;
				PRODUCT_NAME = "$(TARGET_NAME)";
				SWIFT_EMIT_LOC_STRINGS = NO;
				SWIFT_VERSION = 5.0;
				TARGETED_DEVICE_FAMILY = "1,2";
				TEST_HOST = "$(BUILT_PRODUCTS_DIR)/SwiftTop.app/$(BUNDLE_EXECUTABLE_FOLDER_PATH)/SwiftTop";
			};
			name = Debug;
		};
		D67D2A392B2B3FBA00EA8D6E /* Release */ = {
			isa = XCBuildConfiguration;
			buildSettings = {
				ALWAYS_EMBED_SWIFT_STANDARD_LIBRARIES = YES;
				BUNDLE_LOADER = "$(TEST_HOST)";
				CODE_SIGN_STYLE = Automatic;
				CURRENT_PROJECT_VERSION = 1;
				GENERATE_INFOPLIST_FILE = YES;
				IPHONEOS_DEPLOYMENT_TARGET = 17.0;
				MARKETING_VERSION = 1.0;
				PRODUCT_BUNDLE_IDENTIFIER = ca.bomberfish.SwiftTopTests;
				PRODUCT_NAME = "$(TARGET_NAME)";
				SWIFT_EMIT_LOC_STRINGS = NO;
				SWIFT_VERSION = 5.0;
				TARGETED_DEVICE_FAMILY = "1,2";
				TEST_HOST = "$(BUILT_PRODUCTS_DIR)/SwiftTop.app/$(BUNDLE_EXECUTABLE_FOLDER_PATH)/SwiftTop";
			};
			name = Release;
		};
		D67D2A3B2B2B3FBA00EA8D6E /* Debug */ = {
			isa = XCBuildConfiguration;
			buildSettings = {
				ALWAYS_EMBED_SWIFT_STANDARD_LIBRARIES = YES;
				CODE_SIGN_STYLE = Automatic;
				CURRENT_PROJECT_VERSION = 1;
				GENERATE_INFOPLIST_FILE = YES;
				MARKETING_VERSION = 1.0;
				PRODUCT_BUNDLE_IDENTIFIER = ca.bomberfish.SwiftTopUITests;
				PRODUCT_NAME = "$(TARGET_NAME)";
				SWIFT_EMIT_LOC_STRINGS = NO;
				SWIFT_VERSION = 5.0;
				TARGETED_DEVICE_FAMILY = "1,2";
				TEST_TARGET_NAME = SwiftTop;
			};
			name = Debug;
		};
		D67D2A3C2B2B3FBA00EA8D6E /* Release */ = {
			isa = XCBuildConfiguration;
			buildSettings = {
				ALWAYS_EMBED_SWIFT_STANDARD_LIBRARIES = YES;
				CODE_SIGN_STYLE = Automatic;
				CURRENT_PROJECT_VERSION = 1;
				GENERATE_INFOPLIST_FILE = YES;
				MARKETING_VERSION = 1.0;
				PRODUCT_BUNDLE_IDENTIFIER = ca.bomberfish.SwiftTopUITests;
				PRODUCT_NAME = "$(TARGET_NAME)";
				SWIFT_EMIT_LOC_STRINGS = NO;
				SWIFT_VERSION = 5.0;
				TARGETED_DEVICE_FAMILY = "1,2";
				TEST_TARGET_NAME = SwiftTop;
			};
			name = Release;
		};
/* End XCBuildConfiguration section */

/* Begin XCConfigurationList section */
		D67D2A0B2B2B3FB400EA8D6E /* Build configuration list for PBXProject "SwiftTop" */ = {
			isa = XCConfigurationList;
			buildConfigurations = (
				D67D2A322B2B3FBA00EA8D6E /* Debug */,
				D67D2A332B2B3FBA00EA8D6E /* Release */,
			);
			defaultConfigurationIsVisible = 0;
			defaultConfigurationName = Release;
		};
		D67D2A342B2B3FBA00EA8D6E /* Build configuration list for PBXNativeTarget "SwiftTop" */ = {
			isa = XCConfigurationList;
			buildConfigurations = (
				D67D2A352B2B3FBA00EA8D6E /* Debug */,
				D67D2A362B2B3FBA00EA8D6E /* Release */,
			);
			defaultConfigurationIsVisible = 0;
			defaultConfigurationName = Release;
		};
		D67D2A372B2B3FBA00EA8D6E /* Build configuration list for PBXNativeTarget "SwiftTopTests" */ = {
			isa = XCConfigurationList;
			buildConfigurations = (
				D67D2A382B2B3FBA00EA8D6E /* Debug */,
				D67D2A392B2B3FBA00EA8D6E /* Release */,
			);
			defaultConfigurationIsVisible = 0;
			defaultConfigurationName = Release;
		};
		D67D2A3A2B2B3FBA00EA8D6E /* Build configuration list for PBXNativeTarget "SwiftTopUITests" */ = {
			isa = XCConfigurationList;
			buildConfigurations = (
				D67D2A3B2B2B3FBA00EA8D6E /* Debug */,
				D67D2A3C2B2B3FBA00EA8D6E /* Release */,
			);
			defaultConfigurationIsVisible = 0;
			defaultConfigurationName = Release;
		};
/* End XCConfigurationList section */

/* Begin XCRemoteSwiftPackageReference section */
		D64D3D242B2C9FEC00EBEDCB /* XCRemoteSwiftPackageReference "MarqueeText" */ = {
			isa = XCRemoteSwiftPackageReference;
			repositoryURL = "https://github.com/BomberFish/MarqueeText";
			requirement = {
				branch = master;
				kind = branch;
			};
		};
		D67D2A4E2B2B53A300EA8D6E /* XCRemoteSwiftPackageReference "swiftui-cached-async-image" */ = {
			isa = XCRemoteSwiftPackageReference;
			repositoryURL = "https://github.com/lorenzofiamingo/swiftui-cached-async-image";
			requirement = {
				kind = upToNextMajorVersion;
				minimumVersion = 2.1.1;
			};
		};
/* End XCRemoteSwiftPackageReference section */

/* Begin XCSwiftPackageProductDependency section */
		D64D3D252B2C9FEC00EBEDCB /* MarqueeText */ = {
			isa = XCSwiftPackageProductDependency;
			package = D64D3D242B2C9FEC00EBEDCB /* XCRemoteSwiftPackageReference "MarqueeText" */;
			productName = MarqueeText;
		};
		D67D2A4F2B2B53A300EA8D6E /* CachedAsyncImage */ = {
			isa = XCSwiftPackageProductDependency;
			package = D67D2A4E2B2B53A300EA8D6E /* XCRemoteSwiftPackageReference "swiftui-cached-async-image" */;
			productName = CachedAsyncImage;
		};
/* End XCSwiftPackageProductDependency section */
	};
	rootObject = D67D2A082B2B3FB400EA8D6E /* Project object */;
}
